
Microsoft Visual Studio Solution File, Format Version 12.00
# Visual Studio Version 17
VisualStudioVersion = 17.14.36414.22 d17.14
MinimumVisualStudioVersion = 10.0.40219.1
Project("{FAE04EC0-301F-11D3-BF4B-00C04F79EFBC}") = "Shop_API", "Shop_API\Shop_API.csproj", "{83D7963F-6486-4E82-904D-E502A485AB7B}"
EndProject
Project("{FAE04EC0-301F-11D3-BF4B-00C04F79EFBC}") = "Shop_BL", "Shop_BL\Shop_BL.csproj", "{A2D3EBCC-3BA3-44F0-ABE3-45A9CA7071F7}"
EndProject
Project("{FAE04EC0-301F-11D3-BF4B-00C04F79EFBC}") = "Shop_DAL", "Shop_DAL\Shop_DAL.csproj", "{375F53F1-47A7-44F8-9980-D29BA9872A1B}"
EndProject
Project("{FAE04EC0-301F-11D3-BF4B-00C04F79EFBC}") = "Shop_BL_Tests", "Shop_BL_Tests\Shop_BL_Tests.csproj", "{0D1344B9-1000-4544-9958-676F466E6A87}"
EndProject
Global
	GlobalSection(SolutionConfigurationPlatforms) = preSolution
		Debug|Any CPU = Debug|Any CPU
		Release|Any CPU = Release|Any CPU
	EndGlobalSection
	GlobalSection(ProjectConfigurationPlatforms) = postSolution
		{83D7963F-6486-4E82-904D-E502A485AB7B}.Debug|Any CPU.ActiveCfg = Debug|Any CPU
		{83D7963F-6486-4E82-904D-E502A485AB7B}.Debug|Any CPU.Build.0 = Debug|Any CPU
		{83D7963F-6486-4E82-904D-E502A485AB7B}.Release|Any CPU.ActiveCfg = Release|Any CPU
		{83D7963F-6486-4E82-904D-E502A485AB7B}.Release|Any CPU.Build.0 = Release|Any CPU
		{A2D3EBCC-3BA3-44F0-ABE3-45A9CA7071F7}.Debug|Any CPU.ActiveCfg = Debug|Any CPU
		{A2D3EBCC-3BA3-44F0-ABE3-45A9CA7071F7}.Debug|Any CPU.Build.0 = Debug|Any CPU
		{A2D3EBCC-3BA3-44F0-ABE3-45A9CA7071F7}.Release|Any CPU.ActiveCfg = Release|Any CPU
		{A2D3EBCC-3BA3-44F0-ABE3-45A9CA7071F7}.Release|Any CPU.Build.0 = Release|Any CPU
		{375F53F1-47A7-44F8-9980-D29BA9872A1B}.Debug|Any CPU.ActiveCfg = Debug|Any CPU
		{375F53F1-47A7-44F8-9980-D29BA9872A1B}.Debug|Any CPU.Build.0 = Debug|Any CPU
		{375F53F1-47A7-44F8-9980-D29BA9872A1B}.Release|Any CPU.ActiveCfg = Release|Any CPU
		{375F53F1-47A7-44F8-9980-D29BA9872A1B}.Release|Any CPU.Build.0 = Release|Any CPU
		{0D1344B9-1000-4544-9958-676F466E6A87}.Debug|Any CPU.ActiveCfg = Debug|Any CPU
		{0D1344B9-1000-4544-9958-676F466E6A87}.Debug|Any CPU.Build.0 = Debug|Any CPU
		{0D1344B9-1000-4544-9958-676F466E6A87}.Release|Any CPU.ActiveCfg = Release|Any CPU
		{0D1344B9-1000-4544-9958-676F466E6A87}.Release|Any CPU.Build.0 = Release|Any CPU
	EndGlobalSection
	GlobalSection(SolutionProperties) = preSolution
		HideSolutionNode = FALSE
	EndGlobalSection
	GlobalSection(ExtensibilityGlobals) = postSolution
		SolutionGuid = {DB16005B-385C-4E0E-9E24-A116D1249092}
	EndGlobalSection
EndGlobal
